
Microsoft Visual Studio Solution File, Format Version 12.00
# Visual Studio Version 17
VisualStudioVersion = 17.10.35027.167
MinimumVisualStudioVersion = 10.0.40219.1
Project("{FAE04EC0-301F-11D3-BF4B-00C04F79EFBC}") = "ASPCoreWebApi", "ASPCoreWebApi\ASPCoreWebApi.csproj", "{0061E0A0-0625-45E2-8DC3-F1D122357652}"
EndProject
Global
	GlobalSection(SolutionConfigurationPlatforms) = preSolution
		Debug|Any CPU = Debug|Any CPU
		Release|Any CPU = Release|Any CPU
	EndGlobalSection
	GlobalSection(ProjectConfigurationPlatforms) = postSolution
		{0061E0A0-0625-45E2-8DC3-F1D122357652}.Debug|Any CPU.ActiveCfg = Debug|Any CPU
		{0061E0A0-0625-45E2-8DC3-F1D122357652}.Debug|Any CPU.Build.0 = Debug|Any CPU
		{0061E0A0-0625-45E2-8DC3-F1D122357652}.Release|Any CPU.ActiveCfg = Release|Any CPU
		{0061E0A0-0625-45E2-8DC3-F1D122357652}.Release|Any CPU.Build.0 = Release|Any CPU
	EndGlobalSection
	GlobalSection(SolutionProperties) = preSolution
		HideSolutionNode = FALSE
	EndGlobalSection
	GlobalSection(ExtensibilityGlobals) = postSolution
		SolutionGuid = {C0E96D2A-7DB3-4067-968E-ACFC2F3CA917}
	EndGlobalSection
EndGlobal
